{
  "name": "projeto_movel",
  "lockfileVersion": 3,
  "requires": true,
  "packages": {
    "": {
      "dependencies": {
        "ejs": "^7.0.1"
      }
    },
    "node_modules/ejs": {
      "version": "7.0.1",
      "resolved": "https://registry.npmjs.org/ejs/-/ejs-7.0.1.tgz",
      "integrity": "sha512-TrAb1fY4jNY6aQrNjMJsoWQxGUK47A38JxuUvnt75vDcAA9Ln7ur6FHo+irVa5Bwd3w9rdUT3xLSl5MRgHIugg==",
      "license": "Apache-2.0",
      "bin": {
        "ejs": "bin/cli.js"
      },
      "engines": {
        "node": ">=0.12.18"
      }
    }
  }
}
